
Microsoft Visual Studio Solution File, Format Version 12.00
# Visual Studio Version 16
VisualStudioVersion = 16.0.31005.135
MinimumVisualStudioVersion = 10.0.40219.1
Project("{FAE04EC0-301F-11D3-BF4B-00C04F79EFBC}") = "WinterGarden", "WinterGarden.csproj", "{A3057C1F-1C46-4E40-895E-664DB8B39361}"
EndProject
Global
	GlobalSection(SolutionConfigurationPlatforms) = preSolution
		Debug|Any CPU = Debug|Any CPU
		Release|Any CPU = Release|Any CPU
	EndGlobalSection
	GlobalSection(ProjectConfigurationPlatforms) = postSolution
		{A3057C1F-1C46-4E40-895E-664DB8B39361}.Debug|Any CPU.ActiveCfg = Debug|Any CPU
		{A3057C1F-1C46-4E40-895E-664DB8B39361}.Debug|Any CPU.Build.0 = Debug|Any CPU
		{A3057C1F-1C46-4E40-895E-664DB8B39361}.Release|Any CPU.ActiveCfg = Release|Any CPU
		{A3057C1F-1C46-4E40-895E-664DB8B39361}.Release|Any CPU.Build.0 = Release|Any CPU
	EndGlobalSection
	GlobalSection(SolutionProperties) = preSolution
		HideSolutionNode = FALSE
	EndGlobalSection
	GlobalSection(ExtensibilityGlobals) = postSolution
		SolutionGuid = {7BDA9CF0-6136-49EF-B5F6-8E9E26E2587C}
	EndGlobalSection
EndGlobal
